// !$*UTF8*$!
{
	archiveVersion = 1;
	classes = {
	};
	objectVersion = 46;
	objects = {

/* Begin PBXBuildFile section */
		5544A0601E53FC8B0093334E /* AppDelegate.swift in Sources */ = {isa = PBXBuildFile; fileRef = 5544A05F1E53FC8B0093334E /* AppDelegate.swift */; };
		5544A0621E53FC8B0093334E /* ViewController.swift in Sources */ = {isa = PBXBuildFile; fileRef = 5544A0611E53FC8B0093334E /* ViewController.swift */; };
		5544A0651E53FC8B0093334E /* Main.storyboard in Resources */ = {isa = PBXBuildFile; fileRef = 5544A0631E53FC8B0093334E /* Main.storyboard */; };
		5544A0671E53FC8B0093334E /* Assets.xcassets in Resources */ = {isa = PBXBuildFile; fileRef = 5544A0661E53FC8B0093334E /* Assets.xcassets */; };
		5544A06A1E53FC8B0093334E /* LaunchScreen.storyboard in Resources */ = {isa = PBXBuildFile; fileRef = 5544A0681E53FC8B0093334E /* LaunchScreen.storyboard */; };
		5544A0751E53FC8B0093334E /* alamofireTestTests.swift in Sources */ = {isa = PBXBuildFile; fileRef = 5544A0741E53FC8B0093334E /* alamofireTestTests.swift */; };
		5544A0801E53FC8B0093334E /* alamofireTestUITests.swift in Sources */ = {isa = PBXBuildFile; fileRef = 5544A07F1E53FC8B0093334E /* alamofireTestUITests.swift */; };
		5544A0AC1E53FD820093334E /* httpRequest.swift in Sources */ = {isa = PBXBuildFile; fileRef = 5544A0AB1E53FD820093334E /* httpRequest.swift */; };
		554B23D91E54016600652020 /* Alamofire.framework in Frameworks */ = {isa = PBXBuildFile; fileRef = 5544A0991E53FCC40093334E /* Alamofire.framework */; };
		554B23DA1E54016600652020 /* Alamofire.framework in Embed Frameworks */ = {isa = PBXBuildFile; fileRef = 5544A0991E53FCC40093334E /* Alamofire.framework */; settings = {ATTRIBUTES = (CodeSignOnCopy, RemoveHeadersOnCopy, ); }; };
/* End PBXBuildFile section */

/* Begin PBXContainerItemProxy section */
		5544A0711E53FC8B0093334E /* PBXContainerItemProxy */ = {
			isa = PBXContainerItemProxy;
			containerPortal = 5544A0541E53FC8B0093334E /* Project object */;
			proxyType = 1;
			remoteGlobalIDString = 5544A05B1E53FC8B0093334E;
			remoteInfo = alamofireTest;
		};
		5544A07C1E53FC8B0093334E /* PBXContainerItemProxy */ = {
			isa = PBXContainerItemProxy;
			containerPortal = 5544A0541E53FC8B0093334E /* Project object */;
			proxyType = 1;
			remoteGlobalIDString = 5544A05B1E53FC8B0093334E;
			remoteInfo = alamofireTest;
		};
		5544A0981E53FCC40093334E /* PBXContainerItemProxy */ = {
			isa = PBXContainerItemProxy;
			containerPortal = 5544A08D1E53FCC40093334E /* Alamofire.xcodeproj */;
			proxyType = 2;
			remoteGlobalIDString = F8111E3319A95C8B0040E7D1;
			remoteInfo = "Alamofire iOS";
		};
		5544A09A1E53FCC40093334E /* PBXContainerItemProxy */ = {
			isa = PBXContainerItemProxy;
			containerPortal = 5544A08D1E53FCC40093334E /* Alamofire.xcodeproj */;
			proxyType = 2;
			remoteGlobalIDString = F8111E3E19A95C8B0040E7D1;
			remoteInfo = "Alamofire iOS Tests";
		};
		5544A09C1E53FCC40093334E /* PBXContainerItemProxy */ = {
			isa = PBXContainerItemProxy;
			containerPortal = 5544A08D1E53FCC40093334E /* Alamofire.xcodeproj */;
			proxyType = 2;
			remoteGlobalIDString = 4DD67C0B1A5C55C900ED2280;
			remoteInfo = "Alamofire macOS";
		};
		5544A09E1E53FCC40093334E /* PBXContainerItemProxy */ = {
			isa = PBXContainerItemProxy;
			containerPortal = 5544A08D1E53FCC40093334E /* Alamofire.xcodeproj */;
			proxyType = 2;
			remoteGlobalIDString = F829C6B21A7A94F100A2CD59;
			remoteInfo = "Alamofire macOS Tests";
		};
		5544A0A01E53FCC40093334E /* PBXContainerItemProxy */ = {
			isa = PBXContainerItemProxy;
			containerPortal = 5544A08D1E53FCC40093334E /* Alamofire.xcodeproj */;
			proxyType = 2;
			remoteGlobalIDString = 4CF626EF1BA7CB3E0011A099;
			remoteInfo = "Alamofire tvOS";
		};
		5544A0A21E53FCC40093334E /* PBXContainerItemProxy */ = {
			isa = PBXContainerItemProxy;
			containerPortal = 5544A08D1E53FCC40093334E /* Alamofire.xcodeproj */;
			proxyType = 2;
			remoteGlobalIDString = 4CF626F81BA7CB3E0011A099;
			remoteInfo = "Alamofire tvOS Tests";
		};
		5544A0A41E53FCC40093334E /* PBXContainerItemProxy */ = {
			isa = PBXContainerItemProxy;
			containerPortal = 5544A08D1E53FCC40093334E /* Alamofire.xcodeproj */;
			proxyType = 2;
			remoteGlobalIDString = E4202FE01B667AA100C997FB;
			remoteInfo = "Alamofire watchOS";
		};
		554B23DB1E54016600652020 /* PBXContainerItemProxy */ = {
			isa = PBXContainerItemProxy;
			containerPortal = 5544A08D1E53FCC40093334E /* Alamofire.xcodeproj */;
			proxyType = 1;
			remoteGlobalIDString = F8111E3219A95C8B0040E7D1;
			remoteInfo = "Alamofire iOS";
		};
/* End PBXContainerItemProxy section */

/* Begin PBXCopyFilesBuildPhase section */
		554B23DD1E54016600652020 /* Embed Frameworks */ = {
			isa = PBXCopyFilesBuildPhase;
			buildActionMask = 2147483647;
			dstPath = "";
			dstSubfolderSpec = 10;
			files = (
				554B23DA1E54016600652020 /* Alamofire.framework in Embed Frameworks */,
			);
			name = "Embed Frameworks";
			runOnlyForDeploymentPostprocessing = 0;
		};
/* End PBXCopyFilesBuildPhase section */

/* Begin PBXFileReference section */
		5544A05C1E53FC8B0093334E /* alamofireTest.app */ = {isa = PBXFileReference; explicitFileType = wrapper.application; includeInIndex = 0; path = alamofireTest.app; sourceTree = BUILT_PRODUCTS_DIR; };
		5544A05F1E53FC8B0093334E /* AppDelegate.swift */ = {isa = PBXFileReference; lastKnownFileType = sourcecode.swift; path = AppDelegate.swift; sourceTree = "<group>"; };
		5544A0611E53FC8B0093334E /* ViewController.swift */ = {isa = PBXFileReference; lastKnownFileType = sourcecode.swift; path = ViewController.swift; sourceTree = "<group>"; };
		5544A0641E53FC8B0093334E /* Base */ = {isa = PBXFileReference; lastKnownFileType = file.storyboard; name = Base; path = Base.lproj/Main.storyboard; sourceTree = "<group>"; };
		5544A0661E53FC8B0093334E /* Assets.xcassets */ = {isa = PBXFileReference; lastKnownFileType = folder.assetcatalog; path = Assets.xcassets; sourceTree = "<group>"; };
		5544A0691E53FC8B0093334E /* Base */ = {isa = PBXFileReference; lastKnownFileType = file.storyboard; name = Base; path = Base.lproj/LaunchScreen.storyboard; sourceTree = "<group>"; };
		5544A06B1E53FC8B0093334E /* Info.plist */ = {isa = PBXFileReference; lastKnownFileType = text.plist.xml; path = Info.plist; sourceTree = "<group>"; };
		5544A0701E53FC8B0093334E /* alamofireTestTests.xctest */ = {isa = PBXFileReference; explicitFileType = wrapper.cfbundle; includeInIndex = 0; path = alamofireTestTests.xctest; sourceTree = BUILT_PRODUCTS_DIR; };
		5544A0741E53FC8B0093334E /* alamofireTestTests.swift */ = {isa = PBXFileReference; lastKnownFileType = sourcecode.swift; path = alamofireTestTests.swift; sourceTree = "<group>"; };
		5544A0761E53FC8B0093334E /* Info.plist */ = {isa = PBXFileReference; lastKnownFileType = text.plist.xml; path = Info.plist; sourceTree = "<group>"; };
		5544A07B1E53FC8B0093334E /* alamofireTestUITests.xctest */ = {isa = PBXFileReference; explicitFileType = wrapper.cfbundle; includeInIndex = 0; path = alamofireTestUITests.xctest; sourceTree = BUILT_PRODUCTS_DIR; };
		5544A07F1E53FC8B0093334E /* alamofireTestUITests.swift */ = {isa = PBXFileReference; lastKnownFileType = sourcecode.swift; path = alamofireTestUITests.swift; sourceTree = "<group>"; };
		5544A0811E53FC8B0093334E /* Info.plist */ = {isa = PBXFileReference; lastKnownFileType = text.plist.xml; path = Info.plist; sourceTree = "<group>"; };
		5544A08D1E53FCC40093334E /* Alamofire.xcodeproj */ = {isa = PBXFileReference; lastKnownFileType = "wrapper.pb-project"; name = Alamofire.xcodeproj; path = ../../../../Alamofire/Alamofire.xcodeproj; sourceTree = "<group>"; };
		5544A0AB1E53FD820093334E /* httpRequest.swift */ = {isa = PBXFileReference; fileEncoding = 4; lastKnownFileType = sourcecode.swift; path = httpRequest.swift; sourceTree = "<group>"; };
/* End PBXFileReference section */

/* Begin PBXFrameworksBuildPhase section */
		5544A0591E53FC8B0093334E /* Frameworks */ = {
			isa = PBXFrameworksBuildPhase;
			buildActionMask = 2147483647;
			files = (
				554B23D91E54016600652020 /* Alamofire.framework in Frameworks */,
			);
			runOnlyForDeploymentPostprocessing = 0;
		};
		5544A06D1E53FC8B0093334E /* Frameworks */ = {
			isa = PBXFrameworksBuildPhase;
			buildActionMask = 2147483647;
			files = (
			);
			runOnlyForDeploymentPostprocessing = 0;
		};
		5544A0781E53FC8B0093334E /* Frameworks */ = {
			isa = PBXFrameworksBuildPhase;
			buildActionMask = 2147483647;
			files = (
			);
			runOnlyForDeploymentPostprocessing = 0;
		};
/* End PBXFrameworksBuildPhase section */

/* Begin PBXGroup section */
		5544A0531E53FC8B0093334E = {
			isa = PBXGroup;
			children = (
				5544A05E1E53FC8B0093334E /* alamofireTest */,
				5544A0731E53FC8B0093334E /* alamofireTestTests */,
				5544A07E1E53FC8B0093334E /* alamofireTestUITests */,
				5544A05D1E53FC8B0093334E /* Products */,
				5544A08D1E53FCC40093334E /* Alamofire.xcodeproj */,
			);
			sourceTree = "<group>";
		};
		5544A05D1E53FC8B0093334E /* Products */ = {
			isa = PBXGroup;
			children = (
				5544A05C1E53FC8B0093334E /* alamofireTest.app */,
				5544A0701E53FC8B0093334E /* alamofireTestTests.xctest */,
				5544A07B1E53FC8B0093334E /* alamofireTestUITests.xctest */,
			);
			name = Products;
			sourceTree = "<group>";
		};
		5544A05E1E53FC8B0093334E /* alamofireTest */ = {
			isa = PBXGroup;
			children = (
				5544A05F1E53FC8B0093334E /* AppDelegate.swift */,
				5544A0611E53FC8B0093334E /* ViewController.swift */,
				5544A0631E53FC8B0093334E /* Main.storyboard */,
				5544A0661E53FC8B0093334E /* Assets.xcassets */,
				5544A0681E53FC8B0093334E /* LaunchScreen.storyboard */,
				5544A06B1E53FC8B0093334E /* Info.plist */,
				5544A0AB1E53FD820093334E /* httpRequest.swift */,
			);
			path = alamofireTest;
			sourceTree = "<group>";
		};
		5544A0731E53FC8B0093334E /* alamofireTestTests */ = {
			isa = PBXGroup;
			children = (
				5544A0741E53FC8B0093334E /* alamofireTestTests.swift */,
				5544A0761E53FC8B0093334E /* Info.plist */,
			);
			path = alamofireTestTests;
			sourceTree = "<group>";
		};
		5544A07E1E53FC8B0093334E /* alamofireTestUITests */ = {
			isa = PBXGroup;
			children = (
				5544A07F1E53FC8B0093334E /* alamofireTestUITests.swift */,
				5544A0811E53FC8B0093334E /* Info.plist */,
			);
			path = alamofireTestUITests;
			sourceTree = "<group>";
		};
		5544A08E1E53FCC40093334E /* Products */ = {
			isa = PBXGroup;
			children = (
				5544A0991E53FCC40093334E /* Alamofire.framework */,
				5544A09B1E53FCC40093334E /* Alamofire iOS Tests.xctest */,
				5544A09D1E53FCC40093334E /* Alamofire.framework */,
				5544A09F1E53FCC40093334E /* Alamofire macOS Tests.xctest */,
				5544A0A11E53FCC40093334E /* Alamofire.framework */,
				5544A0A31E53FCC40093334E /* Alamofire tvOS Tests.xctest */,
				5544A0A51E53FCC40093334E /* Alamofire.framework */,
			);
			name = Products;
			sourceTree = "<group>";
		};
/* End PBXGroup section */

/* Begin PBXNativeTarget section */
		5544A05B1E53FC8B0093334E /* alamofireTest */ = {
			isa = PBXNativeTarget;
			buildConfigurationList = 5544A0841E53FC8B0093334E /* Build configuration list for PBXNativeTarget "alamofireTest" */;
			buildPhases = (
				5544A0581E53FC8B0093334E /* Sources */,
				5544A0591E53FC8B0093334E /* Frameworks */,
				5544A05A1E53FC8B0093334E /* Resources */,
				554B23DD1E54016600652020 /* Embed Frameworks */,
			);
			buildRules = (
			);
			dependencies = (
				554B23DC1E54016600652020 /* PBXTargetDependency */,
			);
			name = alamofireTest;
			productName = alamofireTest;
			productReference = 5544A05C1E53FC8B0093334E /* alamofireTest.app */;
			productType = "com.apple.product-type.application";
		};
		5544A06F1E53FC8B0093334E /* alamofireTestTests */ = {
			isa = PBXNativeTarget;
			buildConfigurationList = 5544A0871E53FC8B0093334E /* Build configuration list for PBXNativeTarget "alamofireTestTests" */;
			buildPhases = (
				5544A06C1E53FC8B0093334E /* Sources */,
				5544A06D1E53FC8B0093334E /* Frameworks */,
				5544A06E1E53FC8B0093334E /* Resources */,
			);
			buildRules = (
			);
			dependencies = (
				5544A0721E53FC8B0093334E /* PBXTargetDependency */,
			);
			name = alamofireTestTests;
			productName = alamofireTestTests;
			productReference = 5544A0701E53FC8B0093334E /* alamofireTestTests.xctest */;
			productType = "com.apple.product-type.bundle.unit-test";
		};
		5544A07A1E53FC8B0093334E /* alamofireTestUITests */ = {
			isa = PBXNativeTarget;
			buildConfigurationList = 5544A08A1E53FC8B0093334E /* Build configuration list for PBXNativeTarget "alamofireTestUITests" */;
			buildPhases = (
				5544A0771E53FC8B0093334E /* Sources */,
				5544A0781E53FC8B0093334E /* Frameworks */,
				5544A0791E53FC8B0093334E /* Resources */,
			);
			buildRules = (
			);
			dependencies = (
				5544A07D1E53FC8B0093334E /* PBXTargetDependency */,
			);
			name = alamofireTestUITests;
			productName = alamofireTestUITests;
			productReference = 5544A07B1E53FC8B0093334E /* alamofireTestUITests.xctest */;
			productType = "com.apple.product-type.bundle.ui-testing";
		};
/* End PBXNativeTarget section */

/* Begin PBXProject section */
		5544A0541E53FC8B0093334E /* Project object */ = {
			isa = PBXProject;
			attributes = {
				LastSwiftUpdateCheck = 0820;
				LastUpgradeCheck = 0820;
				ORGANIZATIONNAME = "Serey Morm";
				TargetAttributes = {
					5544A05B1E53FC8B0093334E = {
						CreatedOnToolsVersion = 8.2.1;
						DevelopmentTeam = 3Y55J33Y5Z;
						ProvisioningStyle = Automatic;
					};
					5544A06F1E53FC8B0093334E = {
						CreatedOnToolsVersion = 8.2.1;
						DevelopmentTeam = 3Y55J33Y5Z;
						ProvisioningStyle = Automatic;
						TestTargetID = 5544A05B1E53FC8B0093334E;
					};
					5544A07A1E53FC8B0093334E = {
						CreatedOnToolsVersion = 8.2.1;
						DevelopmentTeam = 3Y55J33Y5Z;
						ProvisioningStyle = Automatic;
						TestTargetID = 5544A05B1E53FC8B0093334E;
					};
				};
			};
			buildConfigurationList = 5544A0571E53FC8B0093334E /* Build configuration list for PBXProject "alamofireTest" */;
			compatibilityVersion = "Xcode 3.2";
			developmentRegion = English;
			hasScannedForEncodings = 0;
			knownRegions = (
				en,
				Base,
			);
			mainGroup = 5544A0531E53FC8B0093334E;
			productRefGroup = 5544A05D1E53FC8B0093334E /* Products */;
			projectDirPath = "";
			projectReferences = (
				{
					ProductGroup = 5544A08E1E53FCC40093334E /* Products */;
					ProjectRef = 5544A08D1E53FCC40093334E /* Alamofire.xcodeproj */;
				},
			);
			projectRoot = "";
			targets = (
				5544A05B1E53FC8B0093334E /* alamofireTest */,
				5544A06F1E53FC8B0093334E /* alamofireTestTests */,
				5544A07A1E53FC8B0093334E /* alamofireTestUITests */,
			);
		};
/* End PBXProject section */

/* Begin PBXReferenceProxy section */
		5544A0991E53FCC40093334E /* Alamofire.framework */ = {
			isa = PBXReferenceProxy;
			fileType = wrapper.framework;
			path = Alamofire.framework;
			remoteRef = 5544A0981E53FCC40093334E /* PBXContainerItemProxy */;
			sourceTree = BUILT_PRODUCTS_DIR;
		};
		5544A09B1E53FCC40093334E /* Alamofire iOS Tests.xctest */ = {
			isa = PBXReferenceProxy;
			fileType = wrapper.cfbundle;
			path = "Alamofire iOS Tests.xctest";
			remoteRef = 5544A09A1E53FCC40093334E /* PBXContainerItemProxy */;
			sourceTree = BUILT_PRODUCTS_DIR;
		};
		5544A09D1E53FCC40093334E /* Alamofire.framework */ = {
			isa = PBXReferenceProxy;
			fileType = wrapper.framework;
			path = Alamofire.framework;
			remoteRef = 5544A09C1E53FCC40093334E /* PBXContainerItemProxy */;
			sourceTree = BUILT_PRODUCTS_DIR;
		};
		5544A09F1E53FCC40093334E /* Alamofire macOS Tests.xctest */ = {
			isa = PBXReferenceProxy;
			fileType = wrapper.cfbundle;
			path = "Alamofire macOS Tests.xctest";
			remoteRef = 5544A09E1E53FCC40093334E /* PBXContainerItemProxy */;
			sourceTree = BUILT_PRODUCTS_DIR;
		};
		5544A0A11E53FCC40093334E /* Alamofire.framework */ = {
			isa = PBXReferenceProxy;
			fileType = wrapper.framework;
			path = Alamofire.framework;
			remoteRef = 5544A0A01E53FCC40093334E /* PBXContainerItemProxy */;
			sourceTree = BUILT_PRODUCTS_DIR;
		};
		5544A0A31E53FCC40093334E /* Alamofire tvOS Tests.xctest */ = {
			isa = PBXReferenceProxy;
			fileType = wrapper.cfbundle;
			path = "Alamofire tvOS Tests.xctest";
			remoteRef = 5544A0A21E53FCC40093334E /* PBXContainerItemProxy */;
			sourceTree = BUILT_PRODUCTS_DIR;
		};
		5544A0A51E53FCC40093334E /* Alamofire.framework */ = {
			isa = PBXReferenceProxy;
			fileType = wrapper.framework;
			path = Alamofire.framework;
			remoteRef = 5544A0A41E53FCC40093334E /* PBXContainerItemProxy */;
			sourceTree = BUILT_PRODUCTS_DIR;
		};
/* End PBXReferenceProxy section */

/* Begin PBXResourcesBuildPhase section */
		5544A05A1E53FC8B0093334E /* Resources */ = {
			isa = PBXResourcesBuildPhase;
			buildActionMask = 2147483647;
			files = (
				5544A06A1E53FC8B0093334E /* LaunchScreen.storyboard in Resources */,
				5544A0671E53FC8B0093334E /* Assets.xcassets in Resources */,
				5544A0651E53FC8B0093334E /* Main.storyboard in Resources */,
			);
			runOnlyForDeploymentPostprocessing = 0;
		};
		5544A06E1E53FC8B0093334E /* Resources */ = {
			isa = PBXResourcesBuildPhase;
			buildActionMask = 2147483647;
			files = (
			);
			runOnlyForDeploymentPostprocessing = 0;
		};
		5544A0791E53FC8B0093334E /* Resources */ = {
			isa = PBXResourcesBuildPhase;
			buildActionMask = 2147483647;
			files = (
			);
			runOnlyForDeploymentPostprocessing = 0;
		};
/* End PBXResourcesBuildPhase section */

/* Begin PBXSourcesBuildPhase section */
		5544A0581E53FC8B0093334E /* Sources */ = {
			isa = PBXSourcesBuildPhase;
			buildActionMask = 2147483647;
			files = (
				5544A0AC1E53FD820093334E /* httpRequest.swift in Sources */,
				5544A0621E53FC8B0093334E /* ViewController.swift in Sources */,
				5544A0601E53FC8B0093334E /* AppDelegate.swift in Sources */,
			);
			runOnlyForDeploymentPostprocessing = 0;
		};
		5544A06C1E53FC8B0093334E /* Sources */ = {
			isa = PBXSourcesBuildPhase;
			buildActionMask = 2147483647;
			files = (
				5544A0751E53FC8B0093334E /* alamofireTestTests.swift in Sources */,
			);
			runOnlyForDeploymentPostprocessing = 0;
		};
		5544A0771E53FC8B0093334E /* Sources */ = {
			isa = PBXSourcesBuildPhase;
			buildActionMask = 2147483647;
			files = (
				5544A0801E53FC8B0093334E /* alamofireTestUITests.swift in Sources */,
			);
			runOnlyForDeploymentPostprocessing = 0;
		};
/* End PBXSourcesBuildPhase section */

/* Begin PBXTargetDependency section */
		5544A0721E53FC8B0093334E /* PBXTargetDependency */ = {
			isa = PBXTargetDependency;
			target = 5544A05B1E53FC8B0093334E /* alamofireTest */;
			targetProxy = 5544A0711E53FC8B0093334E /* PBXContainerItemProxy */;
		};
		5544A07D1E53FC8B0093334E /* PBXTargetDependency */ = {
			isa = PBXTargetDependency;
			target = 5544A05B1E53FC8B0093334E /* alamofireTest */;
			targetProxy = 5544A07C1E53FC8B0093334E /* PBXContainerItemProxy */;
		};
		554B23DC1E54016600652020 /* PBXTargetDependency */ = {
			isa = PBXTargetDependency;
			name = "Alamofire iOS";
			targetProxy = 554B23DB1E54016600652020 /* PBXContainerItemProxy */;
		};
/* End PBXTargetDependency section */

/* Begin PBXVariantGroup section */
		5544A0631E53FC8B0093334E /* Main.storyboard */ = {
			isa = PBXVariantGroup;
			children = (
				5544A0641E53FC8B0093334E /* Base */,
			);
			name = Main.storyboard;
			sourceTree = "<group>";
		};
		5544A0681E53FC8B0093334E /* LaunchScreen.storyboard */ = {
			isa = PBXVariantGroup;
			children = (
				5544A0691E53FC8B0093334E /* Base */,
			);
			name = LaunchScreen.storyboard;
			sourceTree = "<group>";
		};
/* End PBXVariantGroup section */

/* Begin XCBuildConfiguration section */
		5544A0821E53FC8B0093334E /* Debug */ = {
			isa = XCBuildConfiguration;
			buildSettings = {
				ALWAYS_SEARCH_USER_PATHS = NO;
				CLANG_ANALYZER_NONNULL = YES;
				CLANG_CXX_LANGUAGE_STANDARD = "gnu++0x";
				CLANG_CXX_LIBRARY = "libc++";
				CLANG_ENABLE_MODULES = YES;
				CLANG_ENABLE_OBJC_ARC = YES;
				CLANG_WARN_BOOL_CONVERSION = YES;
				CLANG_WARN_CONSTANT_CONVERSION = YES;
				CLANG_WARN_DIRECT_OBJC_ISA_USAGE = YES_ERROR;
				CLANG_WARN_DOCUMENTATION_COMMENTS = YES;
				CLANG_WARN_EMPTY_BODY = YES;
				CLANG_WARN_ENUM_CONVERSION = YES;
				CLANG_WARN_INFINITE_RECURSION = YES;
				CLANG_WARN_INT_CONVERSION = YES;
				CLANG_WARN_OBJC_ROOT_CLASS = YES_ERROR;
				CLANG_WARN_SUSPICIOUS_MOVE = YES;
				CLANG_WARN_UNREACHABLE_CODE = YES;
				CLANG_WARN__DUPLICATE_METHOD_MATCH = YES;
				"CODE_SIGN_IDENTITY[sdk=iphoneos*]" = "iPhone Developer";
				COPY_PHASE_STRIP = NO;
				DEBUG_INFORMATION_FORMAT = dwarf;
				ENABLE_STRICT_OBJC_MSGSEND = YES;
				ENABLE_TESTABILITY = YES;
				GCC_C_LANGUAGE_STANDARD = gnu99;
				GCC_DYNAMIC_NO_PIC = NO;
				GCC_NO_COMMON_BLOCKS = YES;
				GCC_OPTIMIZATION_LEVEL = 0;
				GCC_PREPROCESSOR_DEFINITIONS = (
					"DEBUG=1",
					"$(inherited)",
				);
				GCC_WARN_64_TO_32_BIT_CONVERSION = YES;
				GCC_WARN_ABOUT_RETURN_TYPE = YES_ERROR;
				GCC_WARN_UNDECLARED_SELECTOR = YES;
				GCC_WARN_UNINITIALIZED_AUTOS = YES_AGGRESSIVE;
				GCC_WARN_UNUSED_FUNCTION = YES;
				GCC_WARN_UNUSED_VARIABLE = YES;
				IPHONEOS_DEPLOYMENT_TARGET = 10.2;
				MTL_ENABLE_DEBUG_INFO = YES;
				ONLY_ACTIVE_ARCH = YES;
				SDKROOT = iphoneos;
				SWIFT_ACTIVE_COMPILATION_CONDITIONS = DEBUG;
				SWIFT_OPTIMIZATION_LEVEL = "-Onone";
				TARGETED_DEVICE_FAMILY = "1,2";
			};
			name = Debug;
		};
		5544A0831E53FC8B0093334E /* Release */ = {
			isa = XCBuildConfiguration;
			buildSettings = {
				ALWAYS_SEARCH_USER_PATHS = NO;
				CLANG_ANALYZER_NONNULL = YES;
				CLANG_CXX_LANGUAGE_STANDARD = "gnu++0x";
				CLANG_CXX_LIBRARY = "libc++";
				CLANG_ENABLE_MODULES = YES;
				CLANG_ENABLE_OBJC_ARC = YES;
				CLANG_WARN_BOOL_CONVERSION = YES;
				CLANG_WARN_CONSTANT_CONVERSION = YES;
				CLANG_WARN_DIRECT_OBJC_ISA_USAGE = YES_ERROR;
				CLANG_WARN_DOCUMENTATION_COMMENTS = YES;
				CLANG_WARN_EMPTY_BODY = YES;
				CLANG_WARN_ENUM_CONVERSION = YES;
				CLANG_WARN_INFINITE_RECURSION = YES;
				CLANG_WARN_INT_CONVERSION = YES;
				CLANG_WARN_OBJC_ROOT_CLASS = YES_ERROR;
				CLANG_WARN_SUSPICIOUS_MOVE = YES;
				CLANG_WARN_UNREACHABLE_CODE = YES;
				CLANG_WARN__DUPLICATE_METHOD_MATCH = YES;
				"CODE_SIGN_IDENTITY[sdk=iphoneos*]" = "iPhone Developer";
				COPY_PHASE_STRIP = NO;
				DEBUG_INFORMATION_FORMAT = "dwarf-with-dsym";
				ENABLE_NS_ASSERTIONS = NO;
				ENABLE_STRICT_OBJC_MSGSEND = YES;
				GCC_C_LANGUAGE_STANDARD = gnu99;
				GCC_NO_COMMON_BLOCKS = YES;
				GCC_WARN_64_TO_32_BIT_CONVERSION = YES;
				GCC_WARN_ABOUT_RETURN_TYPE = YES_ERROR;
				GCC_WARN_UNDECLARED_SELECTOR = YES;
				GCC_WARN_UNINITIALIZED_AUTOS = YES_AGGRESSIVE;
				GCC_WARN_UNUSED_FUNCTION = YES;
				GCC_WARN_UNUSED_VARIABLE = YES;
				IPHONEOS_DEPLOYMENT_TARGET = 10.2;
				MTL_ENABLE_DEBUG_INFO = NO;
				SDKROOT = iphoneos;
				SWIFT_OPTIMIZATION_LEVEL = "-Owholemodule";
				TARGETED_DEVICE_FAMILY = "1,2";
				VALIDATE_PRODUCT = YES;
			};
			name = Release;
		};
		5544A0851E53FC8B0093334E /* Debug */ = {
			isa = XCBuildConfiguration;
			buildSettings = {
				ALWAYS_EMBED_SWIFT_STANDARD_LIBRARIES = YES;
				ASSETCATALOG_COMPILER_APPICON_NAME = AppIcon;
				"CODE_SIGN_IDENTITY[sdk=iphoneos*]" = "iPhone Developer";
				DEVELOPMENT_TEAM = 3Y55J33Y5Z;
				INFOPLIST_FILE = alamofireTest/Info.plist;
				LD_RUNPATH_SEARCH_PATHS = "$(inherited) @executable_path/Frameworks";
				PRODUCT_BUNDLE_IDENTIFIER = com.sereymorm.Ballot;
				PRODUCT_NAME = "$(TARGET_NAME)";
				SWIFT_VERSION = 3.0;
			};
			name = Debug;
		};
		5544A0861E53FC8B0093334E /* Release */ = {
			isa = XCBuildConfiguration;
			buildSettings = {
				ALWAYS_EMBED_SWIFT_STANDARD_LIBRARIES = YES;
				ASSETCATALOG_COMPILER_APPICON_NAME = AppIcon;
				"CODE_SIGN_IDENTITY[sdk=iphoneos*]" = "iPhone Developer";
				DEVELOPMENT_TEAM = 3Y55J33Y5Z;
				INFOPLIST_FILE = alamofireTest/Info.plist;
				LD_RUNPATH_SEARCH_PATHS = "$(inherited) @executable_path/Frameworks";
				PRODUCT_BUNDLE_IDENTIFIER = com.sereymorm.Ballot;
				PRODUCT_NAME = "$(TARGET_NAME)";
				SWIFT_VERSION = 3.0;
			};
			name = Release;
		};
		5544A0881E53FC8B0093334E /* Debug */ = {
			isa = XCBuildConfiguration;
			buildSettings = {
				ALWAYS_EMBED_SWIFT_STANDARD_LIBRARIES = YES;
				BUNDLE_LOADER = "$(TEST_HOST)";
				DEVELOPMENT_TEAM = 3Y55J33Y5Z;
				INFOPLIST_FILE = alamofireTestTests/Info.plist;
				LD_RUNPATH_SEARCH_PATHS = "$(inherited) @executable_path/Frameworks @loader_path/Frameworks";
				PRODUCT_BUNDLE_IDENTIFIER = com.sereymorm.alamofireTestTests;
				PRODUCT_NAME = "$(TARGET_NAME)";
				SWIFT_VERSION = 3.0;
				TEST_HOST = "$(BUILT_PRODUCTS_DIR)/alamofireTest.app/alamofireTest";
			};
			name = Debug;
		};
		5544A0891E53FC8B0093334E /* Release */ = {
			isa = XCBuildConfiguration;
			buildSettings = {
				ALWAYS_EMBED_SWIFT_STANDARD_LIBRARIES = YES;
				BUNDLE_LOADER = "$(TEST_HOST)";
				DEVELOPMENT_TEAM = 3Y55J33Y5Z;
				INFOPLIST_FILE = alamofireTestTests/Info.plist;
				LD_RUNPATH_SEARCH_PATHS = "$(inherited) @executable_path/Frameworks @loader_path/Frameworks";
				PRODUCT_BUNDLE_IDENTIFIER = com.sereymorm.alamofireTestTests;
				PRODUCT_NAME = "$(TARGET_NAME)";
				SWIFT_VERSION = 3.0;
				TEST_HOST = "$(BUILT_PRODUCTS_DIR)/alamofireTest.app/alamofireTest";
			};
			name = Release;
		};
		5544A08B1E53FC8B0093334E /* Debug */ = {
			isa = XCBuildConfiguration;
			buildSettings = {
				ALWAYS_EMBED_SWIFT_STANDARD_LIBRARIES = YES;
				DEVELOPMENT_TEAM = 3Y55J33Y5Z;
				INFOPLIST_FILE = alamofireTestUITests/Info.plist;
				LD_RUNPATH_SEARCH_PATHS = "$(inherited) @executable_path/Frameworks @loader_path/Frameworks";
				PRODUCT_BUNDLE_IDENTIFIER = com.sereymorm.alamofireTestUITests;
				PRODUCT_NAME = "$(TARGET_NAME)";
				SWIFT_VERSION = 3.0;
				TEST_TARGET_NAME = alamofireTest;
			};
			name = Debug;
		};
		5544A08C1E53FC8B0093334E /* Release */ = {
			isa = XCBuildConfiguration;
			buildSettings = {
				ALWAYS_EMBED_SWIFT_STANDARD_LIBRARIES = YES;
				DEVELOPMENT_TEAM = 3Y55J33Y5Z;
				INFOPLIST_FILE = alamofireTestUITests/Info.plist;
				LD_RUNPATH_SEARCH_PATHS = "$(inherited) @executable_path/Frameworks @loader_path/Frameworks";
				PRODUCT_BUNDLE_IDENTIFIER = com.sereymorm.alamofireTestUITests;
				PRODUCT_NAME = "$(TARGET_NAME)";
				SWIFT_VERSION = 3.0;
				TEST_TARGET_NAME = alamofireTest;
			};
			name = Release;
		};
/* End XCBuildConfiguration section */

/* Begin XCConfigurationList section */
		5544A0571E53FC8B0093334E /* Build configuration list for PBXProject "alamofireTest" */ = {
			isa = XCConfigurationList;
			buildConfigurations = (
				5544A0821E53FC8B0093334E /* Debug */,
				5544A0831E53FC8B0093334E /* Release */,
			);
			defaultConfigurationIsVisible = 0;
			defaultConfigurationName = Release;
		};
		5544A0841E53FC8B0093334E /* Build configuration list for PBXNativeTarget "alamofireTest" */ = {
			isa = XCConfigurationList;
			buildConfigurations = (
				5544A0851E53FC8B0093334E /* Debug */,
				5544A0861E53FC8B0093334E /* Release */,
			);
			defaultConfigurationIsVisible = 0;
			defaultConfigurationName = Release;
		};
		5544A0871E53FC8B0093334E /* Build configuration list for PBXNativeTarget "alamofireTestTests" */ = {
			isa = XCConfigurationList;
			buildConfigurations = (
				5544A0881E53FC8B0093334E /* Debug */,
				5544A0891E53FC8B0093334E /* Release */,
			);
			defaultConfigurationIsVisible = 0;
			defaultConfigurationName = Release;
		};
		5544A08A1E53FC8B0093334E /* Build configuration list for PBXNativeTarget "alamofireTestUITests" */ = {
			isa = XCConfigurationList;
			buildConfigurations = (
				5544A08B1E53FC8B0093334E /* Debug */,
				5544A08C1E53FC8B0093334E /* Release */,
			);
			defaultConfigurationIsVisible = 0;
			defaultConfigurationName = Release;
		};
/* End XCConfigurationList section */
	};
	rootObject = 5544A0541E53FC8B0093334E /* Project object */;
}
